{
  "dependencies": {
    "node-cookie": {
      "version": "2.1.1",
      "requires": {
        "cookie": "^0.3.1",
        "cookie-signature": "^1.1.0"
      },
      "dependencies": {
        "simple-encryptor": {
          "version": "3.0.0",
          "requires": {
            "scmp": "2.0.0"
          }
        }
      }
    }
  }
}